
Microsoft Visual Studio Solution File, Format Version 12.00
# Visual Studio Version 17
VisualStudioVersion = 17.0.31903.59
MinimumVisualStudioVersion = 10.0.40219.1
Project("{FAE04EC0-301F-11D3-BF4B-00C04F79EFBC}") = "Ecommerce.Domain", "Ecommerce.Domain\Ecommerce.Domain.csproj", "{CF4951DA-B2A0-433E-A03D-65C432616BF6}"
EndProject
Project("{FAE04EC0-301F-11D3-BF4B-00C04F79EFBC}") = "Ecommerce.Infrastructure", "Ecommerce.Infrastructure\Ecommerce.Infrastructure.csproj", "{8B2353BC-EB3A-4F99-AA17-CA1850B8DFB1}"
EndProject
Project("{FAE04EC0-301F-11D3-BF4B-00C04F79EFBC}") = "Ecommerce.Application", "Ecommerce.Application\Ecommerce.Application.csproj", "{720F6C40-0C21-4643-9C39-B260839F260A}"
EndProject
Project("{FAE04EC0-301F-11D3-BF4B-00C04F79EFBC}") = "Ecommerce.MVC", "Ecommerce.MVC\Ecommerce.MVC.csproj", "{A6D608E0-C42E-408D-BE00-708B32741464}"
EndProject
Project("{FAE04EC0-301F-11D3-BF4B-00C04F79EFBC}") = "Ecommerce.API", "Ecommerce.API\Ecommerce.API.csproj", "{E2D9ADF8-BBFC-4C68-B553-612FEF3E5400}"
EndProject
Global
	GlobalSection(SolutionConfigurationPlatforms) = preSolution
		Debug|Any CPU = Debug|Any CPU
		Debug|x64 = Debug|x64
		Debug|x86 = Debug|x86
		Release|Any CPU = Release|Any CPU
		Release|x64 = Release|x64
		Release|x86 = Release|x86
	EndGlobalSection
	GlobalSection(ProjectConfigurationPlatforms) = postSolution
		{CF4951DA-B2A0-433E-A03D-65C432616BF6}.Debug|Any CPU.ActiveCfg = Debug|Any CPU
		{CF4951DA-B2A0-433E-A03D-65C432616BF6}.Debug|Any CPU.Build.0 = Debug|Any CPU
		{CF4951DA-B2A0-433E-A03D-65C432616BF6}.Debug|x64.ActiveCfg = Debug|Any CPU
		{CF4951DA-B2A0-433E-A03D-65C432616BF6}.Debug|x64.Build.0 = Debug|Any CPU
		{CF4951DA-B2A0-433E-A03D-65C432616BF6}.Debug|x86.ActiveCfg = Debug|Any CPU
		{CF4951DA-B2A0-433E-A03D-65C432616BF6}.Debug|x86.Build.0 = Debug|Any CPU
		{CF4951DA-B2A0-433E-A03D-65C432616BF6}.Release|Any CPU.ActiveCfg = Release|Any CPU
		{CF4951DA-B2A0-433E-A03D-65C432616BF6}.Release|Any CPU.Build.0 = Release|Any CPU
		{CF4951DA-B2A0-433E-A03D-65C432616BF6}.Release|x64.ActiveCfg = Release|Any CPU
		{CF4951DA-B2A0-433E-A03D-65C432616BF6}.Release|x64.Build.0 = Release|Any CPU
		{CF4951DA-B2A0-433E-A03D-65C432616BF6}.Release|x86.ActiveCfg = Release|Any CPU
		{CF4951DA-B2A0-433E-A03D-65C432616BF6}.Release|x86.Build.0 = Release|Any CPU
		{8B2353BC-EB3A-4F99-AA17-CA1850B8DFB1}.Debug|Any CPU.ActiveCfg = Debug|Any CPU
		{8B2353BC-EB3A-4F99-AA17-CA1850B8DFB1}.Debug|Any CPU.Build.0 = Debug|Any CPU
		{8B2353BC-EB3A-4F99-AA17-CA1850B8DFB1}.Debug|x64.ActiveCfg = Debug|Any CPU
		{8B2353BC-EB3A-4F99-AA17-CA1850B8DFB1}.Debug|x64.Build.0 = Debug|Any CPU
		{8B2353BC-EB3A-4F99-AA17-CA1850B8DFB1}.Debug|x86.ActiveCfg = Debug|Any CPU
		{8B2353BC-EB3A-4F99-AA17-CA1850B8DFB1}.Debug|x86.Build.0 = Debug|Any CPU
		{8B2353BC-EB3A-4F99-AA17-CA1850B8DFB1}.Release|Any CPU.ActiveCfg = Release|Any CPU
		{8B2353BC-EB3A-4F99-AA17-CA1850B8DFB1}.Release|Any CPU.Build.0 = Release|Any CPU
		{8B2353BC-EB3A-4F99-AA17-CA1850B8DFB1}.Release|x64.ActiveCfg = Release|Any CPU
		{8B2353BC-EB3A-4F99-AA17-CA1850B8DFB1}.Release|x64.Build.0 = Release|Any CPU
		{8B2353BC-EB3A-4F99-AA17-CA1850B8DFB1}.Release|x86.ActiveCfg = Release|Any CPU
		{8B2353BC-EB3A-4F99-AA17-CA1850B8DFB1}.Release|x86.Build.0 = Release|Any CPU
		{720F6C40-0C21-4643-9C39-B260839F260A}.Debug|Any CPU.ActiveCfg = Debug|Any CPU
		{720F6C40-0C21-4643-9C39-B260839F260A}.Debug|Any CPU.Build.0 = Debug|Any CPU
		{720F6C40-0C21-4643-9C39-B260839F260A}.Debug|x64.ActiveCfg = Debug|Any CPU
		{720F6C40-0C21-4643-9C39-B260839F260A}.Debug|x64.Build.0 = Debug|Any CPU
		{720F6C40-0C21-4643-9C39-B260839F260A}.Debug|x86.ActiveCfg = Debug|Any CPU
		{720F6C40-0C21-4643-9C39-B260839F260A}.Debug|x86.Build.0 = Debug|Any CPU
		{720F6C40-0C21-4643-9C39-B260839F260A}.Release|Any CPU.ActiveCfg = Release|Any CPU
		{720F6C40-0C21-4643-9C39-B260839F260A}.Release|Any CPU.Build.0 = Release|Any CPU
		{720F6C40-0C21-4643-9C39-B260839F260A}.Release|x64.ActiveCfg = Release|Any CPU
		{720F6C40-0C21-4643-9C39-B260839F260A}.Release|x64.Build.0 = Release|Any CPU
		{720F6C40-0C21-4643-9C39-B260839F260A}.Release|x86.ActiveCfg = Release|Any CPU
		{720F6C40-0C21-4643-9C39-B260839F260A}.Release|x86.Build.0 = Release|Any CPU
		{A6D608E0-C42E-408D-BE00-708B32741464}.Debug|Any CPU.ActiveCfg = Debug|Any CPU
		{A6D608E0-C42E-408D-BE00-708B32741464}.Debug|Any CPU.Build.0 = Debug|Any CPU
		{A6D608E0-C42E-408D-BE00-708B32741464}.Debug|x64.ActiveCfg = Debug|Any CPU
		{A6D608E0-C42E-408D-BE00-708B32741464}.Debug|x64.Build.0 = Debug|Any CPU
		{A6D608E0-C42E-408D-BE00-708B32741464}.Debug|x86.ActiveCfg = Debug|Any CPU
		{A6D608E0-C42E-408D-BE00-708B32741464}.Debug|x86.Build.0 = Debug|Any CPU
		{A6D608E0-C42E-408D-BE00-708B32741464}.Release|Any CPU.ActiveCfg = Release|Any CPU
		{A6D608E0-C42E-408D-BE00-708B32741464}.Release|Any CPU.Build.0 = Release|Any CPU
		{A6D608E0-C42E-408D-BE00-708B32741464}.Release|x64.ActiveCfg = Release|Any CPU
		{A6D608E0-C42E-408D-BE00-708B32741464}.Release|x64.Build.0 = Release|Any CPU
		{A6D608E0-C42E-408D-BE00-708B32741464}.Release|x86.ActiveCfg = Release|Any CPU
		{A6D608E0-C42E-408D-BE00-708B32741464}.Release|x86.Build.0 = Release|Any CPU
		{E2D9ADF8-BBFC-4C68-B553-612FEF3E5400}.Debug|Any CPU.ActiveCfg = Debug|Any CPU
		{E2D9ADF8-BBFC-4C68-B553-612FEF3E5400}.Debug|Any CPU.Build.0 = Debug|Any CPU
		{E2D9ADF8-BBFC-4C68-B553-612FEF3E5400}.Debug|x64.ActiveCfg = Debug|Any CPU
		{E2D9ADF8-BBFC-4C68-B553-612FEF3E5400}.Debug|x64.Build.0 = Debug|Any CPU
		{E2D9ADF8-BBFC-4C68-B553-612FEF3E5400}.Debug|x86.ActiveCfg = Debug|Any CPU
		{E2D9ADF8-BBFC-4C68-B553-612FEF3E5400}.Debug|x86.Build.0 = Debug|Any CPU
		{E2D9ADF8-BBFC-4C68-B553-612FEF3E5400}.Release|Any CPU.ActiveCfg = Release|Any CPU
		{E2D9ADF8-BBFC-4C68-B553-612FEF3E5400}.Release|Any CPU.Build.0 = Release|Any CPU
		{E2D9ADF8-BBFC-4C68-B553-612FEF3E5400}.Release|x64.ActiveCfg = Release|Any CPU
		{E2D9ADF8-BBFC-4C68-B553-612FEF3E5400}.Release|x64.Build.0 = Release|Any CPU
		{E2D9ADF8-BBFC-4C68-B553-612FEF3E5400}.Release|x86.ActiveCfg = Release|Any CPU
		{E2D9ADF8-BBFC-4C68-B553-612FEF3E5400}.Release|x86.Build.0 = Release|Any CPU
	EndGlobalSection
	GlobalSection(SolutionProperties) = preSolution
		HideSolutionNode = FALSE
	EndGlobalSection
EndGlobal
